
Microsoft Visual Studio Solution File, Format Version 12.00
# Visual Studio 14
VisualStudioVersion = 14.0.25123.0
MinimumVisualStudioVersion = 10.0.40219.1
Project("{CC5FD16D-436D-48AD-A40C-5A424C6E3E79}") = "DeliverySolutions.Service", "DeliverySolutions.Service\DeliverySolutions.Service.ccproj", "{EFFE3D4A-B87D-4394-87A9-CA0B3A18022C}"
EndProject
Project("{FAE04EC0-301F-11D3-BF4B-00C04F79EFBC}") = "DeliverySolutions.Web", "DeliverySolutions.Web\DeliverySolutions.Web.csproj", "{60D20B17-6B07-4274-B073-B6CB509D4974}"
EndProject
Project("{FAE04EC0-301F-11D3-BF4B-00C04F79EFBC}") = "DeliverySolutions.OutOfProcess.Specs", "DeliverySolutions.OutOfProcess.Specs\DeliverySolutions.OutOfProcess.Specs.csproj", "{F8D9BF6E-818C-4A4C-B8A3-C5016A9BB462}"
	ProjectSection(ProjectDependencies) = postProject
		{60D20B17-6B07-4274-B073-B6CB509D4974} = {60D20B17-6B07-4274-B073-B6CB509D4974}
	EndProjectSection
EndProject
Project("{FAE04EC0-301F-11D3-BF4B-00C04F79EFBC}") = "DeliverySolutions.Web.InProcess.Specs", "DeliverySolutions.Web.InProcess.Specs\DeliverySolutions.Web.InProcess.Specs.csproj", "{893D037C-EA36-44D7-B3BA-A45EBEFA8FD2}"
EndProject
Project("{FAE04EC0-301F-11D3-BF4B-00C04F79EFBC}") = "DeliverySolutions.Web.Unit.Tests", "DeliverySolutions.Web.Unit.Tests\DeliverySolutions.Web.Unit.Tests.csproj", "{372905BB-4536-4FD8-B899-5A6AE5F427C3}"
EndProject
Project("{FAE04EC0-301F-11D3-BF4B-00C04F79EFBC}") = "DeliverySolutions.Web.Integration.Tests", "DeliverySolutions.Web.Integration.Tests\DeliverySolutions.Web.Integration.Tests.csproj", "{F9001A1E-C900-4880-8165-C173C8311D79}"
EndProject
Global
	GlobalSection(SolutionConfigurationPlatforms) = preSolution
		Debug|Any CPU = Debug|Any CPU
		Release|Any CPU = Release|Any CPU
	EndGlobalSection
	GlobalSection(ProjectConfigurationPlatforms) = postSolution
		{EFFE3D4A-B87D-4394-87A9-CA0B3A18022C}.Debug|Any CPU.ActiveCfg = Debug|Any CPU
		{EFFE3D4A-B87D-4394-87A9-CA0B3A18022C}.Debug|Any CPU.Build.0 = Debug|Any CPU
		{EFFE3D4A-B87D-4394-87A9-CA0B3A18022C}.Release|Any CPU.ActiveCfg = Release|Any CPU
		{EFFE3D4A-B87D-4394-87A9-CA0B3A18022C}.Release|Any CPU.Build.0 = Release|Any CPU
		{60D20B17-6B07-4274-B073-B6CB509D4974}.Debug|Any CPU.ActiveCfg = Debug|Any CPU
		{60D20B17-6B07-4274-B073-B6CB509D4974}.Debug|Any CPU.Build.0 = Debug|Any CPU
		{60D20B17-6B07-4274-B073-B6CB509D4974}.Release|Any CPU.ActiveCfg = Release|Any CPU
		{60D20B17-6B07-4274-B073-B6CB509D4974}.Release|Any CPU.Build.0 = Release|Any CPU
		{F8D9BF6E-818C-4A4C-B8A3-C5016A9BB462}.Debug|Any CPU.ActiveCfg = Debug|Any CPU
		{F8D9BF6E-818C-4A4C-B8A3-C5016A9BB462}.Debug|Any CPU.Build.0 = Debug|Any CPU
		{F8D9BF6E-818C-4A4C-B8A3-C5016A9BB462}.Release|Any CPU.ActiveCfg = Release|Any CPU
		{F8D9BF6E-818C-4A4C-B8A3-C5016A9BB462}.Release|Any CPU.Build.0 = Release|Any CPU
		{893D037C-EA36-44D7-B3BA-A45EBEFA8FD2}.Debug|Any CPU.ActiveCfg = Debug|Any CPU
		{893D037C-EA36-44D7-B3BA-A45EBEFA8FD2}.Debug|Any CPU.Build.0 = Debug|Any CPU
		{893D037C-EA36-44D7-B3BA-A45EBEFA8FD2}.Release|Any CPU.ActiveCfg = Release|Any CPU
		{893D037C-EA36-44D7-B3BA-A45EBEFA8FD2}.Release|Any CPU.Build.0 = Release|Any CPU
		{372905BB-4536-4FD8-B899-5A6AE5F427C3}.Debug|Any CPU.ActiveCfg = Debug|Any CPU
		{372905BB-4536-4FD8-B899-5A6AE5F427C3}.Debug|Any CPU.Build.0 = Debug|Any CPU
		{372905BB-4536-4FD8-B899-5A6AE5F427C3}.Release|Any CPU.ActiveCfg = Release|Any CPU
		{372905BB-4536-4FD8-B899-5A6AE5F427C3}.Release|Any CPU.Build.0 = Release|Any CPU
		{F9001A1E-C900-4880-8165-C173C8311D79}.Debug|Any CPU.ActiveCfg = Debug|Any CPU
		{F9001A1E-C900-4880-8165-C173C8311D79}.Debug|Any CPU.Build.0 = Debug|Any CPU
		{F9001A1E-C900-4880-8165-C173C8311D79}.Release|Any CPU.ActiveCfg = Release|Any CPU
		{F9001A1E-C900-4880-8165-C173C8311D79}.Release|Any CPU.Build.0 = Release|Any CPU
	EndGlobalSection
	GlobalSection(SolutionProperties) = preSolution
		HideSolutionNode = FALSE
	EndGlobalSection
EndGlobal
